{
  "name": "TokenTest",
  "lockfileVersion": 3,
  "requires": true,
  "packages": {
    "": {
      "dependencies": {
        "@dqbd/tiktoken": "^1.0.22",
        "tonl": "^2.4.1"
      }
    },
    "node_modules/@dqbd/tiktoken": {
      "version": "1.0.22",
      "resolved": "https://registry.npmjs.org/@dqbd/tiktoken/-/tiktoken-1.0.22.tgz",
      "integrity": "sha512-RYhO8xeHkMNX5Ixqf4M1Ve3siCYJY/dI0yLnlX4M4oIEDOvjMIQ+E+3OUpAaZcWTaMtQJzGcDAghYfllpx3i/w==",
      "license": "MIT"
    },
    "node_modules/tonl": {
      "version": "2.4.1",
      "resolved": "https://registry.npmjs.org/tonl/-/tonl-2.4.1.tgz",
      "integrity": "sha512-ABbdnm8RmueTgyUe+oyAvwhrR55orhu/RjZ99kffGwvvc/+AZUszvGs2maH5DvErIy55WLLtmzDVXVJvzqNaug==",
      "license": "MIT",
      "bin": {
        "tonl": "dist/cli.js"
      },
      "engines": {
        "node": ">=18.0.0"
      }
    }
  }
}
